<?xml version="1.0" encoding="utf-8"?>
<Project ToolsVersion="17.0" xmlns="http://schemas.microsoft.com/developer/msbuild/2003">
  <ItemGroup>
    <ClCompile Include="C:\Users\inna2\OneDrive\Документы\ГитПроекты\Lab003_TIMP\formatter_lib\formatter.cpp">
      <Filter>Source Files</Filter>
    </ClCompile>
  </ItemGroup>
  <ItemGroup>
    <ClInclude Include="C:\Users\inna2\OneDrive\Документы\ГитПроекты\Lab003_TIMP\formatter_lib\formatter.h">
      <Filter>Header Files</Filter>
    </ClInclude>
  </ItemGroup>
  <ItemGroup>
    <CustomBuild Include="C:\Users\inna2\OneDrive\Документы\ГитПроекты\Lab003_TIMP\formatter_lib\CMakeLists.txt" />
  </ItemGroup>
  <ItemGroup>
    <Filter Include="Header Files">
      <UniqueIdentifier>{A8612BB4-1F79-309D-987C-0ED48B03F89D}</UniqueIdentifier>
    </Filter>
    <Filter Include="Source Files">
      <UniqueIdentifier>{4FEBCFF9-C70F-3B69-82C1-0AE7F28C9E58}</UniqueIdentifier>
    </Filter>
  </ItemGroup>
</Project>
