
Microsoft Visual Studio Solution File, Format Version 12.00
# Visual Studio Version 17
Project("{8BC9CEB8-8B4A-11D0-8D11-00A0C91BC942}") = "ALL_BUILD", "ALL_BUILD.vcxproj", "{68EA7E0C-E003-3667-A6FE-903D454D2D41}"
	ProjectSection(ProjectDependencies) = postProject
		{3EEEA5EB-10A5-36BD-99E9-B0F25817FBF1} = {3EEEA5EB-10A5-36BD-99E9-B0F25817FBF1}
		{F1079EAA-AE35-39AD-B910-4096024A96AE} = {F1079EAA-AE35-39AD-B910-4096024A96AE}
		{C5C1AB4E-280C-3A90-92C6-596A72A28A32} = {C5C1AB4E-280C-3A90-92C6-596A72A28A32}
		{0395B6B7-7707-386C-AD72-A02258CDAFB5} = {0395B6B7-7707-386C-AD72-A02258CDAFB5}
		{C458FB3E-FEBF-3F29-B7C5-69EE9497A98E} = {C458FB3E-FEBF-3F29-B7C5-69EE9497A98E}
	EndProjectSection
EndProject
Project("{8BC9CEB8-8B4A-11D0-8D11-00A0C91BC942}") = "ZERO_CHECK", "ZERO_CHECK.vcxproj", "{3EEEA5EB-10A5-36BD-99E9-B0F25817FBF1}"
	ProjectSection(ProjectDependencies) = postProject
	EndProjectSection
EndProject
Project("{8BC9CEB8-8B4A-11D0-8D11-00A0C91BC942}") = "formatter", "formatter.vcxproj", "{F1079EAA-AE35-39AD-B910-4096024A96AE}"
	ProjectSection(ProjectDependencies) = postProject
		{3EEEA5EB-10A5-36BD-99E9-B0F25817FBF1} = {3EEEA5EB-10A5-36BD-99E9-B0F25817FBF1}
	EndProjectSection
EndProject
Project("{8BC9CEB8-8B4A-11D0-8D11-00A0C91BC942}") = "formatter_ex", "formatter_ex.vcxproj", "{C5C1AB4E-280C-3A90-92C6-596A72A28A32}"
	ProjectSection(ProjectDependencies) = postProject
		{3EEEA5EB-10A5-36BD-99E9-B0F25817FBF1} = {3EEEA5EB-10A5-36BD-99E9-B0F25817FBF1}
	EndProjectSection
EndProject
Project("{8BC9CEB8-8B4A-11D0-8D11-00A0C91BC942}") = "solver", "solver.vcxproj", "{0395B6B7-7707-386C-AD72-A02258CDAFB5}"
	ProjectSection(ProjectDependencies) = postProject
		{3EEEA5EB-10A5-36BD-99E9-B0F25817FBF1} = {3EEEA5EB-10A5-36BD-99E9-B0F25817FBF1}
	EndProjectSection
EndProject
Project("{8BC9CEB8-8B4A-11D0-8D11-00A0C91BC942}") = "solver_app", "solver_app.vcxproj", "{C458FB3E-FEBF-3F29-B7C5-69EE9497A98E}"
	ProjectSection(ProjectDependencies) = postProject
		{3EEEA5EB-10A5-36BD-99E9-B0F25817FBF1} = {3EEEA5EB-10A5-36BD-99E9-B0F25817FBF1}
		{F1079EAA-AE35-39AD-B910-4096024A96AE} = {F1079EAA-AE35-39AD-B910-4096024A96AE}
		{C5C1AB4E-280C-3A90-92C6-596A72A28A32} = {C5C1AB4E-280C-3A90-92C6-596A72A28A32}
		{0395B6B7-7707-386C-AD72-A02258CDAFB5} = {0395B6B7-7707-386C-AD72-A02258CDAFB5}
	EndProjectSection
EndProject
Global
	GlobalSection(SolutionConfigurationPlatforms) = preSolution
		Debug|x64 = Debug|x64
		Release|x64 = Release|x64
		MinSizeRel|x64 = MinSizeRel|x64
		RelWithDebInfo|x64 = RelWithDebInfo|x64
	EndGlobalSection
	GlobalSection(ProjectConfigurationPlatforms) = postSolution
		{68EA7E0C-E003-3667-A6FE-903D454D2D41}.Debug|x64.ActiveCfg = Debug|x64
		{68EA7E0C-E003-3667-A6FE-903D454D2D41}.Release|x64.ActiveCfg = Release|x64
		{68EA7E0C-E003-3667-A6FE-903D454D2D41}.MinSizeRel|x64.ActiveCfg = MinSizeRel|x64
		{68EA7E0C-E003-3667-A6FE-903D454D2D41}.RelWithDebInfo|x64.ActiveCfg = RelWithDebInfo|x64
		{3EEEA5EB-10A5-36BD-99E9-B0F25817FBF1}.Debug|x64.ActiveCfg = Debug|x64
		{3EEEA5EB-10A5-36BD-99E9-B0F25817FBF1}.Debug|x64.Build.0 = Debug|x64
		{3EEEA5EB-10A5-36BD-99E9-B0F25817FBF1}.Release|x64.ActiveCfg = Release|x64
		{3EEEA5EB-10A5-36BD-99E9-B0F25817FBF1}.Release|x64.Build.0 = Release|x64
		{3EEEA5EB-10A5-36BD-99E9-B0F25817FBF1}.MinSizeRel|x64.ActiveCfg = MinSizeRel|x64
		{3EEEA5EB-10A5-36BD-99E9-B0F25817FBF1}.MinSizeRel|x64.Build.0 = MinSizeRel|x64
		{3EEEA5EB-10A5-36BD-99E9-B0F25817FBF1}.RelWithDebInfo|x64.ActiveCfg = RelWithDebInfo|x64
		{3EEEA5EB-10A5-36BD-99E9-B0F25817FBF1}.RelWithDebInfo|x64.Build.0 = RelWithDebInfo|x64
		{F1079EAA-AE35-39AD-B910-4096024A96AE}.Debug|x64.ActiveCfg = Debug|x64
		{F1079EAA-AE35-39AD-B910-4096024A96AE}.Debug|x64.Build.0 = Debug|x64
		{F1079EAA-AE35-39AD-B910-4096024A96AE}.Release|x64.ActiveCfg = Release|x64
		{F1079EAA-AE35-39AD-B910-4096024A96AE}.Release|x64.Build.0 = Release|x64
		{F1079EAA-AE35-39AD-B910-4096024A96AE}.MinSizeRel|x64.ActiveCfg = MinSizeRel|x64
		{F1079EAA-AE35-39AD-B910-4096024A96AE}.MinSizeRel|x64.Build.0 = MinSizeRel|x64
		{F1079EAA-AE35-39AD-B910-4096024A96AE}.RelWithDebInfo|x64.ActiveCfg = RelWithDebInfo|x64
		{F1079EAA-AE35-39AD-B910-4096024A96AE}.RelWithDebInfo|x64.Build.0 = RelWithDebInfo|x64
		{C5C1AB4E-280C-3A90-92C6-596A72A28A32}.Debug|x64.ActiveCfg = Debug|x64
		{C5C1AB4E-280C-3A90-92C6-596A72A28A32}.Debug|x64.Build.0 = Debug|x64
		{C5C1AB4E-280C-3A90-92C6-596A72A28A32}.Release|x64.ActiveCfg = Release|x64
		{C5C1AB4E-280C-3A90-92C6-596A72A28A32}.Release|x64.Build.0 = Release|x64
		{C5C1AB4E-280C-3A90-92C6-596A72A28A32}.MinSizeRel|x64.ActiveCfg = MinSizeRel|x64
		{C5C1AB4E-280C-3A90-92C6-596A72A28A32}.MinSizeRel|x64.Build.0 = MinSizeRel|x64
		{C5C1AB4E-280C-3A90-92C6-596A72A28A32}.RelWithDebInfo|x64.ActiveCfg = RelWithDebInfo|x64
		{C5C1AB4E-280C-3A90-92C6-596A72A28A32}.RelWithDebInfo|x64.Build.0 = RelWithDebInfo|x64
		{0395B6B7-7707-386C-AD72-A02258CDAFB5}.Debug|x64.ActiveCfg = Debug|x64
		{0395B6B7-7707-386C-AD72-A02258CDAFB5}.Debug|x64.Build.0 = Debug|x64
		{0395B6B7-7707-386C-AD72-A02258CDAFB5}.Release|x64.ActiveCfg = Release|x64
		{0395B6B7-7707-386C-AD72-A02258CDAFB5}.Release|x64.Build.0 = Release|x64
		{0395B6B7-7707-386C-AD72-A02258CDAFB5}.MinSizeRel|x64.ActiveCfg = MinSizeRel|x64
		{0395B6B7-7707-386C-AD72-A02258CDAFB5}.MinSizeRel|x64.Build.0 = MinSizeRel|x64
		{0395B6B7-7707-386C-AD72-A02258CDAFB5}.RelWithDebInfo|x64.ActiveCfg = RelWithDebInfo|x64
		{0395B6B7-7707-386C-AD72-A02258CDAFB5}.RelWithDebInfo|x64.Build.0 = RelWithDebInfo|x64
		{C458FB3E-FEBF-3F29-B7C5-69EE9497A98E}.Debug|x64.ActiveCfg = Debug|x64
		{C458FB3E-FEBF-3F29-B7C5-69EE9497A98E}.Debug|x64.Build.0 = Debug|x64
		{C458FB3E-FEBF-3F29-B7C5-69EE9497A98E}.Release|x64.ActiveCfg = Release|x64
		{C458FB3E-FEBF-3F29-B7C5-69EE9497A98E}.Release|x64.Build.0 = Release|x64
		{C458FB3E-FEBF-3F29-B7C5-69EE9497A98E}.MinSizeRel|x64.ActiveCfg = MinSizeRel|x64
		{C458FB3E-FEBF-3F29-B7C5-69EE9497A98E}.MinSizeRel|x64.Build.0 = MinSizeRel|x64
		{C458FB3E-FEBF-3F29-B7C5-69EE9497A98E}.RelWithDebInfo|x64.ActiveCfg = RelWithDebInfo|x64
		{C458FB3E-FEBF-3F29-B7C5-69EE9497A98E}.RelWithDebInfo|x64.Build.0 = RelWithDebInfo|x64
	EndGlobalSection
	GlobalSection(ExtensibilityGlobals) = postSolution
		SolutionGuid = {59E3DF27-72CC-3120-AEE9-4ED3E51F83F1}
	EndGlobalSection
	GlobalSection(ExtensibilityAddIns) = postSolution
	EndGlobalSection
EndGlobal
